
Microsoft Visual Studio Solution File, Format Version 12.00
# Visual Studio Version 17
VisualStudioVersion = 17.7.34031.279
MinimumVisualStudioVersion = 10.0.40219.1
Project("{FAE04EC0-301F-11D3-BF4B-00C04F79EFBC}") = "HomeworkFE2", "HomeworkFE2\HomeworkFE2.csproj", "{B959AF11-290B-4E5F-99AD-E844F9973900}"
EndProject
Project("{FAE04EC0-301F-11D3-BF4B-00C04F79EFBC}") = "Classes", "Classes\Classes.csproj", "{3D9E2A81-54BC-4D33-A77A-C2E36C8B61AA}"
EndProject
Global
	GlobalSection(SolutionConfigurationPlatforms) = preSolution
		Debug|Any CPU = Debug|Any CPU
		Release|Any CPU = Release|Any CPU
	EndGlobalSection
	GlobalSection(ProjectConfigurationPlatforms) = postSolution
		{B959AF11-290B-4E5F-99AD-E844F9973900}.Debug|Any CPU.ActiveCfg = Debug|Any CPU
		{B959AF11-290B-4E5F-99AD-E844F9973900}.Debug|Any CPU.Build.0 = Debug|Any CPU
		{B959AF11-290B-4E5F-99AD-E844F9973900}.Release|Any CPU.ActiveCfg = Release|Any CPU
		{B959AF11-290B-4E5F-99AD-E844F9973900}.Release|Any CPU.Build.0 = Release|Any CPU
		{3D9E2A81-54BC-4D33-A77A-C2E36C8B61AA}.Debug|Any CPU.ActiveCfg = Debug|Any CPU
		{3D9E2A81-54BC-4D33-A77A-C2E36C8B61AA}.Debug|Any CPU.Build.0 = Debug|Any CPU
		{3D9E2A81-54BC-4D33-A77A-C2E36C8B61AA}.Release|Any CPU.ActiveCfg = Release|Any CPU
		{3D9E2A81-54BC-4D33-A77A-C2E36C8B61AA}.Release|Any CPU.Build.0 = Release|Any CPU
	EndGlobalSection
	GlobalSection(SolutionProperties) = preSolution
		HideSolutionNode = FALSE
	EndGlobalSection
	GlobalSection(ExtensibilityGlobals) = postSolution
		SolutionGuid = {705879D6-BF20-419B-92FF-E3757140AFA3}
	EndGlobalSection
EndGlobal
